# This file is automatically @generated by Cargo.
# It is not intended for manual editing.
version = 3

[[package]]
name = "neurite-app"
version = "0.1.0"
dependencies = [
 "neurite-core",
 "neurite-scene",
 "neurite-workspace",
]

[[package]]
name = "neurite-control"
version = "0.1.0"
dependencies = [
 "neurite-core",
 "neurite-events",
 "neurite-protocol",
]

[[package]]
name = "neurite-core"
version = "0.1.0"

[[package]]
name = "neurite-events"
version = "0.1.0"
dependencies = [
 "neurite-core",
 "neurite-scene",
]

[[package]]
name = "neurite-protocol"
version = "0.1.0"

[[package]]
name = "neurite-scene"
version = "0.1.0"
dependencies = [
 "neurite-core",
]

[[package]]
name = "neurite-workspace"
version = "0.1.0"
dependencies = [
 "neurite-core",
 "neurite-scene",
]
